// !$*UTF8*$!
{
	archiveVersion = 1;
	classes = {
	};
	objectVersion = 56;
	objects = {

/* Begin PBXBuildFile section */
		3C82C1BE2AEADE2700575FEF /* AppDelegate.swift in Sources */ = {isa = PBXBuildFile; fileRef = 3C82C1BD2AEADE2700575FEF /* AppDelegate.swift */; };
		3C82C1C02AEADE2700575FEF /* SceneDelegate.swift in Sources */ = {isa = PBXBuildFile; fileRef = 3C82C1BF2AEADE2700575FEF /* SceneDelegate.swift */; };
		3C82C1C22AEADE2700575FEF /* CharacterListViewController.swift in Sources */ = {isa = PBXBuildFile; fileRef = 3C82C1C12AEADE2700575FEF /* CharacterListViewController.swift */; };
		3C82C1C72AEADE2800575FEF /* Assets.xcassets in Resources */ = {isa = PBXBuildFile; fileRef = 3C82C1C62AEADE2800575FEF /* Assets.xcassets */; };
		3C82C1CA2AEADE2800575FEF /* LaunchScreen.storyboard in Resources */ = {isa = PBXBuildFile; fileRef = 3C82C1C82AEADE2800575FEF /* LaunchScreen.storyboard */; };
		3C82C1DB2AEAE06500575FEF /* NetworkManager.swift in Sources */ = {isa = PBXBuildFile; fileRef = 3C82C1DA2AEAE06500575FEF /* NetworkManager.swift */; };
		3C82C1DD2AEAE0A000575FEF /* Hero.swift in Sources */ = {isa = PBXBuildFile; fileRef = 3C82C1DC2AEAE0A000575FEF /* Hero.swift */; };
		3C82C1DF2AEAE0C200575FEF /* ImageCacheManager.swift in Sources */ = {isa = PBXBuildFile; fileRef = 3C82C1DE2AEAE0C200575FEF /* ImageCacheManager.swift */; };
		3C82C1E12AEAE1D700575FEF /* CharacterListPresenter.swift in Sources */ = {isa = PBXBuildFile; fileRef = 3C82C1E02AEAE1D700575FEF /* CharacterListPresenter.swift */; };
		3C82C1E42AEAE25F00575FEF /* CharacterCell.swift in Sources */ = {isa = PBXBuildFile; fileRef = 3C82C1E32AEAE25F00575FEF /* CharacterCell.swift */; };
		3C82C1E72AEAE28400575FEF /* SnapKit in Frameworks */ = {isa = PBXBuildFile; productRef = 3C82C1E62AEAE28400575FEF /* SnapKit */; };
		3C82C1EA2AEAE31000575FEF /* ModuleBuilder.swift in Sources */ = {isa = PBXBuildFile; fileRef = 3C82C1E92AEAE31000575FEF /* ModuleBuilder.swift */; };
		3C82C1EC2AEAE54F00575FEF /* DetailsViewController.swift in Sources */ = {isa = PBXBuildFile; fileRef = 3C82C1EB2AEAE54F00575FEF /* DetailsViewController.swift */; };
		3C82C1EE2AEAE56000575FEF /* DetailsView.swift in Sources */ = {isa = PBXBuildFile; fileRef = 3C82C1ED2AEAE56000575FEF /* DetailsView.swift */; };
		3C82C1F02AEAE57E00575FEF /* DetailsPresenter.swift in Sources */ = {isa = PBXBuildFile; fileRef = 3C82C1EF2AEAE57E00575FEF /* DetailsPresenter.swift */; };
/* End PBXBuildFile section */

/* Begin PBXFileReference section */
		3C82C1BA2AEADE2700575FEF /* Heroes.app */ = {isa = PBXFileReference; explicitFileType = wrapper.application; includeInIndex = 0; path = Heroes.app; sourceTree = BUILT_PRODUCTS_DIR; };
		3C82C1BD2AEADE2700575FEF /* AppDelegate.swift */ = {isa = PBXFileReference; lastKnownFileType = sourcecode.swift; path = AppDelegate.swift; sourceTree = "<group>"; };
		3C82C1BF2AEADE2700575FEF /* SceneDelegate.swift */ = {isa = PBXFileReference; lastKnownFileType = sourcecode.swift; path = SceneDelegate.swift; sourceTree = "<group>"; };
		3C82C1C12AEADE2700575FEF /* CharacterListViewController.swift */ = {isa = PBXFileReference; lastKnownFileType = sourcecode.swift; path = CharacterListViewController.swift; sourceTree = "<group>"; };
		3C82C1C62AEADE2800575FEF /* Assets.xcassets */ = {isa = PBXFileReference; lastKnownFileType = folder.assetcatalog; path = Assets.xcassets; sourceTree = "<group>"; };
		3C82C1C92AEADE2800575FEF /* Base */ = {isa = PBXFileReference; lastKnownFileType = file.storyboard; name = Base; path = Base.lproj/LaunchScreen.storyboard; sourceTree = "<group>"; };
		3C82C1CB2AEADE2800575FEF /* Info.plist */ = {isa = PBXFileReference; lastKnownFileType = text.plist.xml; path = Info.plist; sourceTree = "<group>"; };
		3C82C1DA2AEAE06500575FEF /* NetworkManager.swift */ = {isa = PBXFileReference; lastKnownFileType = sourcecode.swift; path = NetworkManager.swift; sourceTree = "<group>"; };
		3C82C1DC2AEAE0A000575FEF /* Hero.swift */ = {isa = PBXFileReference; lastKnownFileType = sourcecode.swift; path = Hero.swift; sourceTree = "<group>"; };
		3C82C1DE2AEAE0C200575FEF /* ImageCacheManager.swift */ = {isa = PBXFileReference; lastKnownFileType = sourcecode.swift; path = ImageCacheManager.swift; sourceTree = "<group>"; };
		3C82C1E02AEAE1D700575FEF /* CharacterListPresenter.swift */ = {isa = PBXFileReference; lastKnownFileType = sourcecode.swift; path = CharacterListPresenter.swift; sourceTree = "<group>"; };
		3C82C1E32AEAE25F00575FEF /* CharacterCell.swift */ = {isa = PBXFileReference; lastKnownFileType = sourcecode.swift; path = CharacterCell.swift; sourceTree = "<group>"; };
		3C82C1E92AEAE31000575FEF /* ModuleBuilder.swift */ = {isa = PBXFileReference; lastKnownFileType = sourcecode.swift; path = ModuleBuilder.swift; sourceTree = "<group>"; };
		3C82C1EB2AEAE54F00575FEF /* DetailsViewController.swift */ = {isa = PBXFileReference; lastKnownFileType = sourcecode.swift; path = DetailsViewController.swift; sourceTree = "<group>"; };
		3C82C1ED2AEAE56000575FEF /* DetailsView.swift */ = {isa = PBXFileReference; lastKnownFileType = sourcecode.swift; path = DetailsView.swift; sourceTree = "<group>"; };
		3C82C1EF2AEAE57E00575FEF /* DetailsPresenter.swift */ = {isa = PBXFileReference; lastKnownFileType = sourcecode.swift; path = DetailsPresenter.swift; sourceTree = "<group>"; };
/* End PBXFileReference section */

/* Begin PBXFrameworksBuildPhase section */
		3C82C1B72AEADE2700575FEF /* Frameworks */ = {
			isa = PBXFrameworksBuildPhase;
			buildActionMask = 2147483647;
			files = (
				3C82C1E72AEAE28400575FEF /* SnapKit in Frameworks */,
			);
			runOnlyForDeploymentPostprocessing = 0;
		};
/* End PBXFrameworksBuildPhase section */

/* Begin PBXGroup section */
		3C82C1B12AEADE2700575FEF = {
			isa = PBXGroup;
			children = (
				3C82C1BC2AEADE2700575FEF /* Heroes */,
				3C82C1BB2AEADE2700575FEF /* Products */,
			);
			sourceTree = "<group>";
		};
		3C82C1BB2AEADE2700575FEF /* Products */ = {
			isa = PBXGroup;
			children = (
				3C82C1BA2AEADE2700575FEF /* Heroes.app */,
			);
			name = Products;
			sourceTree = "<group>";
		};
		3C82C1BC2AEADE2700575FEF /* Heroes */ = {
			isa = PBXGroup;
			children = (
				3C82C1BD2AEADE2700575FEF /* AppDelegate.swift */,
				3C82C1BF2AEADE2700575FEF /* SceneDelegate.swift */,
				3C82C1E92AEAE31000575FEF /* ModuleBuilder.swift */,
				3C82C1D92AEAE05600575FEF /* ServiceLayer */,
				3C82C1D12AEADFB400575FEF /* CharacterListModule */,
				3C82C1D22AEADFC200575FEF /* DetailModule */,
				3C82C1E82AEAE2EE00575FEF /* Resources */,
				3C82C1CB2AEADE2800575FEF /* Info.plist */,
			);
			path = Heroes;
			sourceTree = "<group>";
		};
		3C82C1D12AEADFB400575FEF /* CharacterListModule */ = {
			isa = PBXGroup;
			children = (
				3C82C1D82AEADFE800575FEF /* Presenter */,
				3C82C1D72AEADFE400575FEF /* View */,
				3C82C1D62AEADFDB00575FEF /* Model */,
			);
			path = CharacterListModule;
			sourceTree = "<group>";
		};
		3C82C1D22AEADFC200575FEF /* DetailModule */ = {
			isa = PBXGroup;
			children = (
				3C82C1D52AEADFD500575FEF /* Presenter */,
				3C82C1D42AEADFD000575FEF /* View */,
				3C82C1D32AEADFCB00575FEF /* Model */,
			);
			path = DetailModule;
			sourceTree = "<group>";
		};
		3C82C1D32AEADFCB00575FEF /* Model */ = {
			isa = PBXGroup;
			children = (
			);
			path = Model;
			sourceTree = "<group>";
		};
		3C82C1D42AEADFD000575FEF /* View */ = {
			isa = PBXGroup;
			children = (
				3C82C1EB2AEAE54F00575FEF /* DetailsViewController.swift */,
				3C82C1ED2AEAE56000575FEF /* DetailsView.swift */,
			);
			path = View;
			sourceTree = "<group>";
		};
		3C82C1D52AEADFD500575FEF /* Presenter */ = {
			isa = PBXGroup;
			children = (
				3C82C1EF2AEAE57E00575FEF /* DetailsPresenter.swift */,
			);
			path = Presenter;
			sourceTree = "<group>";
		};
		3C82C1D62AEADFDB00575FEF /* Model */ = {
			isa = PBXGroup;
			children = (
				3C82C1DC2AEAE0A000575FEF /* Hero.swift */,
			);
			path = Model;
			sourceTree = "<group>";
		};
		3C82C1D72AEADFE400575FEF /* View */ = {
			isa = PBXGroup;
			children = (
				3C82C1E22AEAE24500575FEF /* Cell */,
				3C82C1C12AEADE2700575FEF /* CharacterListViewController.swift */,
			);
			path = View;
			sourceTree = "<group>";
		};
		3C82C1D82AEADFE800575FEF /* Presenter */ = {
			isa = PBXGroup;
			children = (
				3C82C1E02AEAE1D700575FEF /* CharacterListPresenter.swift */,
			);
			path = Presenter;
			sourceTree = "<group>";
		};
		3C82C1D92AEAE05600575FEF /* ServiceLayer */ = {
			isa = PBXGroup;
			children = (
				3C82C1DA2AEAE06500575FEF /* NetworkManager.swift */,
				3C82C1DE2AEAE0C200575FEF /* ImageCacheManager.swift */,
			);
			path = ServiceLayer;
			sourceTree = "<group>";
		};
		3C82C1E22AEAE24500575FEF /* Cell */ = {
			isa = PBXGroup;
			children = (
				3C82C1E32AEAE25F00575FEF /* CharacterCell.swift */,
			);
			path = Cell;
			sourceTree = "<group>";
		};
		3C82C1E82AEAE2EE00575FEF /* Resources */ = {
			isa = PBXGroup;
			children = (
				3C82C1C62AEADE2800575FEF /* Assets.xcassets */,
				3C82C1C82AEADE2800575FEF /* LaunchScreen.storyboard */,
			);
			path = Resources;
			sourceTree = "<group>";
		};
/* End PBXGroup section */

/* Begin PBXNativeTarget section */
		3C82C1B92AEADE2700575FEF /* Heroes */ = {
			isa = PBXNativeTarget;
			buildConfigurationList = 3C82C1CE2AEADE2800575FEF /* Build configuration list for PBXNativeTarget "Heroes" */;
			buildPhases = (
				3C82C1B62AEADE2700575FEF /* Sources */,
				3C82C1B72AEADE2700575FEF /* Frameworks */,
				3C82C1B82AEADE2700575FEF /* Resources */,
			);
			buildRules = (
			);
			dependencies = (
			);
			name = Heroes;
			packageProductDependencies = (
				3C82C1E62AEAE28400575FEF /* SnapKit */,
			);
			productName = Heroes;
			productReference = 3C82C1BA2AEADE2700575FEF /* Heroes.app */;
			productType = "com.apple.product-type.application";
		};
/* End PBXNativeTarget section */

/* Begin PBXProject section */
		3C82C1B22AEADE2700575FEF /* Project object */ = {
			isa = PBXProject;
			attributes = {
				BuildIndependentTargetsInParallel = 1;
				LastSwiftUpdateCheck = 1430;
				LastUpgradeCheck = 1430;
				TargetAttributes = {
					3C82C1B92AEADE2700575FEF = {
						CreatedOnToolsVersion = 14.3.1;
					};
				};
			};
			buildConfigurationList = 3C82C1B52AEADE2700575FEF /* Build configuration list for PBXProject "Heroes" */;
			compatibilityVersion = "Xcode 14.0";
			developmentRegion = en;
			hasScannedForEncodings = 0;
			knownRegions = (
				en,
				Base,
			);
			mainGroup = 3C82C1B12AEADE2700575FEF;
			packageReferences = (
				3C82C1E52AEAE28400575FEF /* XCRemoteSwiftPackageReference "SnapKit" */,
			);
			productRefGroup = 3C82C1BB2AEADE2700575FEF /* Products */;
			projectDirPath = "";
			projectRoot = "";
			targets = (
				3C82C1B92AEADE2700575FEF /* Heroes */,
			);
		};
/* End PBXProject section */

/* Begin PBXResourcesBuildPhase section */
		3C82C1B82AEADE2700575FEF /* Resources */ = {
			isa = PBXResourcesBuildPhase;
			buildActionMask = 2147483647;
			files = (
				3C82C1CA2AEADE2800575FEF /* LaunchScreen.storyboard in Resources */,
				3C82C1C72AEADE2800575FEF /* Assets.xcassets in Resources */,
			);
			runOnlyForDeploymentPostprocessing = 0;
		};
/* End PBXResourcesBuildPhase section */

/* Begin PBXSourcesBuildPhase section */
		3C82C1B62AEADE2700575FEF /* Sources */ = {
			isa = PBXSourcesBuildPhase;
			buildActionMask = 2147483647;
			files = (
				3C82C1E12AEAE1D700575FEF /* CharacterListPresenter.swift in Sources */,
				3C82C1DD2AEAE0A000575FEF /* Hero.swift in Sources */,
				3C82C1DB2AEAE06500575FEF /* NetworkManager.swift in Sources */,
				3C82C1E42AEAE25F00575FEF /* CharacterCell.swift in Sources */,
				3C82C1DF2AEAE0C200575FEF /* ImageCacheManager.swift in Sources */,
				3C82C1EA2AEAE31000575FEF /* ModuleBuilder.swift in Sources */,
				3C82C1EE2AEAE56000575FEF /* DetailsView.swift in Sources */,
				3C82C1C22AEADE2700575FEF /* CharacterListViewController.swift in Sources */,
				3C82C1BE2AEADE2700575FEF /* AppDelegate.swift in Sources */,
				3C82C1C02AEADE2700575FEF /* SceneDelegate.swift in Sources */,
				3C82C1EC2AEAE54F00575FEF /* DetailsViewController.swift in Sources */,
				3C82C1F02AEAE57E00575FEF /* DetailsPresenter.swift in Sources */,
			);
			runOnlyForDeploymentPostprocessing = 0;
		};
/* End PBXSourcesBuildPhase section */

/* Begin PBXVariantGroup section */
		3C82C1C82AEADE2800575FEF /* LaunchScreen.storyboard */ = {
			isa = PBXVariantGroup;
			children = (
				3C82C1C92AEADE2800575FEF /* Base */,
			);
			name = LaunchScreen.storyboard;
			sourceTree = "<group>";
		};
/* End PBXVariantGroup section */

/* Begin XCBuildConfiguration section */
		3C82C1CC2AEADE2800575FEF /* Debug */ = {
			isa = XCBuildConfiguration;
			buildSettings = {
				ALWAYS_SEARCH_USER_PATHS = NO;
				CLANG_ANALYZER_NONNULL = YES;
				CLANG_ANALYZER_NUMBER_OBJECT_CONVERSION = YES_AGGRESSIVE;
				CLANG_CXX_LANGUAGE_STANDARD = "gnu++20";
				CLANG_ENABLE_MODULES = YES;
				CLANG_ENABLE_OBJC_ARC = YES;
				CLANG_ENABLE_OBJC_WEAK = YES;
				CLANG_WARN_BLOCK_CAPTURE_AUTORELEASING = YES;
				CLANG_WARN_BOOL_CONVERSION = YES;
				CLANG_WARN_COMMA = YES;
				CLANG_WARN_CONSTANT_CONVERSION = YES;
				CLANG_WARN_DEPRECATED_OBJC_IMPLEMENTATIONS = YES;
				CLANG_WARN_DIRECT_OBJC_ISA_USAGE = YES_ERROR;
				CLANG_WARN_DOCUMENTATION_COMMENTS = YES;
				CLANG_WARN_EMPTY_BODY = YES;
				CLANG_WARN_ENUM_CONVERSION = YES;
				CLANG_WARN_INFINITE_RECURSION = YES;
				CLANG_WARN_INT_CONVERSION = YES;
				CLANG_WARN_NON_LITERAL_NULL_CONVERSION = YES;
				CLANG_WARN_OBJC_IMPLICIT_RETAIN_SELF = YES;
				CLANG_WARN_OBJC_LITERAL_CONVERSION = YES;
				CLANG_WARN_OBJC_ROOT_CLASS = YES_ERROR;
				CLANG_WARN_QUOTED_INCLUDE_IN_FRAMEWORK_HEADER = YES;
				CLANG_WARN_RANGE_LOOP_ANALYSIS = YES;
				CLANG_WARN_STRICT_PROTOTYPES = YES;
				CLANG_WARN_SUSPICIOUS_MOVE = YES;
				CLANG_WARN_UNGUARDED_AVAILABILITY = YES_AGGRESSIVE;
				CLANG_WARN_UNREACHABLE_CODE = YES;
				CLANG_WARN__DUPLICATE_METHOD_MATCH = YES;
				COPY_PHASE_STRIP = NO;
				DEBUG_INFORMATION_FORMAT = dwarf;
				ENABLE_STRICT_OBJC_MSGSEND = YES;
				ENABLE_TESTABILITY = YES;
				GCC_C_LANGUAGE_STANDARD = gnu11;
				GCC_DYNAMIC_NO_PIC = NO;
				GCC_NO_COMMON_BLOCKS = YES;
				GCC_OPTIMIZATION_LEVEL = 0;
				GCC_PREPROCESSOR_DEFINITIONS = (
					"DEBUG=1",
					"$(inherited)",
				);
				GCC_WARN_64_TO_32_BIT_CONVERSION = YES;
				GCC_WARN_ABOUT_RETURN_TYPE = YES_ERROR;
				GCC_WARN_UNDECLARED_SELECTOR = YES;
				GCC_WARN_UNINITIALIZED_AUTOS = YES_AGGRESSIVE;
				GCC_WARN_UNUSED_FUNCTION = YES;
				GCC_WARN_UNUSED_VARIABLE = YES;
				IPHONEOS_DEPLOYMENT_TARGET = 16.4;
				MTL_ENABLE_DEBUG_INFO = INCLUDE_SOURCE;
				MTL_FAST_MATH = YES;
				ONLY_ACTIVE_ARCH = YES;
				SDKROOT = iphoneos;
				SWIFT_ACTIVE_COMPILATION_CONDITIONS = DEBUG;
				SWIFT_OPTIMIZATION_LEVEL = "-Onone";
			};
			name = Debug;
		};
		3C82C1CD2AEADE2800575FEF /* Release */ = {
			isa = XCBuildConfiguration;
			buildSettings = {
				ALWAYS_SEARCH_USER_PATHS = NO;
				CLANG_ANALYZER_NONNULL = YES;
				CLANG_ANALYZER_NUMBER_OBJECT_CONVERSION = YES_AGGRESSIVE;
				CLANG_CXX_LANGUAGE_STANDARD = "gnu++20";
				CLANG_ENABLE_MODULES = YES;
				CLANG_ENABLE_OBJC_ARC = YES;
				CLANG_ENABLE_OBJC_WEAK = YES;
				CLANG_WARN_BLOCK_CAPTURE_AUTORELEASING = YES;
				CLANG_WARN_BOOL_CONVERSION = YES;
				CLANG_WARN_COMMA = YES;
				CLANG_WARN_CONSTANT_CONVERSION = YES;
				CLANG_WARN_DEPRECATED_OBJC_IMPLEMENTATIONS = YES;
				CLANG_WARN_DIRECT_OBJC_ISA_USAGE = YES_ERROR;
				CLANG_WARN_DOCUMENTATION_COMMENTS = YES;
				CLANG_WARN_EMPTY_BODY = YES;
				CLANG_WARN_ENUM_CONVERSION = YES;
				CLANG_WARN_INFINITE_RECURSION = YES;
				CLANG_WARN_INT_CONVERSION = YES;
				CLANG_WARN_NON_LITERAL_NULL_CONVERSION = YES;
				CLANG_WARN_OBJC_IMPLICIT_RETAIN_SELF = YES;
				CLANG_WARN_OBJC_LITERAL_CONVERSION = YES;
				CLANG_WARN_OBJC_ROOT_CLASS = YES_ERROR;
				CLANG_WARN_QUOTED_INCLUDE_IN_FRAMEWORK_HEADER = YES;
				CLANG_WARN_RANGE_LOOP_ANALYSIS = YES;
				CLANG_WARN_STRICT_PROTOTYPES = YES;
				CLANG_WARN_SUSPICIOUS_MOVE = YES;
				CLANG_WARN_UNGUARDED_AVAILABILITY = YES_AGGRESSIVE;
				CLANG_WARN_UNREACHABLE_CODE = YES;
				CLANG_WARN__DUPLICATE_METHOD_MATCH = YES;
				COPY_PHASE_STRIP = NO;
				DEBUG_INFORMATION_FORMAT = "dwarf-with-dsym";
				ENABLE_NS_ASSERTIONS = NO;
				ENABLE_STRICT_OBJC_MSGSEND = YES;
				GCC_C_LANGUAGE_STANDARD = gnu11;
				GCC_NO_COMMON_BLOCKS = YES;
				GCC_WARN_64_TO_32_BIT_CONVERSION = YES;
				GCC_WARN_ABOUT_RETURN_TYPE = YES_ERROR;
				GCC_WARN_UNDECLARED_SELECTOR = YES;
				GCC_WARN_UNINITIALIZED_AUTOS = YES_AGGRESSIVE;
				GCC_WARN_UNUSED_FUNCTION = YES;
				GCC_WARN_UNUSED_VARIABLE = YES;
				IPHONEOS_DEPLOYMENT_TARGET = 16.4;
				MTL_ENABLE_DEBUG_INFO = NO;
				MTL_FAST_MATH = YES;
				SDKROOT = iphoneos;
				SWIFT_COMPILATION_MODE = wholemodule;
				SWIFT_OPTIMIZATION_LEVEL = "-O";
				VALIDATE_PRODUCT = YES;
			};
			name = Release;
		};
		3C82C1CF2AEADE2800575FEF /* Debug */ = {
			isa = XCBuildConfiguration;
			buildSettings = {
				ASSETCATALOG_COMPILER_APPICON_NAME = AppIcon;
				ASSETCATALOG_COMPILER_GLOBAL_ACCENT_COLOR_NAME = AccentColor;
				CODE_SIGN_STYLE = Automatic;
				CURRENT_PROJECT_VERSION = 1;
				DEVELOPMENT_TEAM = T22G8674NU;
				GENERATE_INFOPLIST_FILE = YES;
				INFOPLIST_FILE = Heroes/Info.plist;
				INFOPLIST_KEY_UIApplicationSupportsIndirectInputEvents = YES;
				INFOPLIST_KEY_UILaunchStoryboardName = LaunchScreen;
				INFOPLIST_KEY_UISupportedInterfaceOrientations_iPad = "UIInterfaceOrientationPortrait UIInterfaceOrientationPortraitUpsideDown UIInterfaceOrientationLandscapeLeft UIInterfaceOrientationLandscapeRight";
				INFOPLIST_KEY_UISupportedInterfaceOrientations_iPhone = "UIInterfaceOrientationPortrait UIInterfaceOrientationLandscapeLeft UIInterfaceOrientationLandscapeRight";
				LD_RUNPATH_SEARCH_PATHS = (
					"$(inherited)",
					"@executable_path/Frameworks",
				);
				MARKETING_VERSION = 1.0;
				PRODUCT_BUNDLE_IDENTIFIER = KirillTaraturin.Heroes;
				PRODUCT_NAME = "$(TARGET_NAME)";
				SWIFT_EMIT_LOC_STRINGS = YES;
				SWIFT_VERSION = 5.0;
				TARGETED_DEVICE_FAMILY = "1,2";
			};
			name = Debug;
		};
		3C82C1D02AEADE2800575FEF /* Release */ = {
			isa = XCBuildConfiguration;
			buildSettings = {
				ASSETCATALOG_COMPILER_APPICON_NAME = AppIcon;
				ASSETCATALOG_COMPILER_GLOBAL_ACCENT_COLOR_NAME = AccentColor;
				CODE_SIGN_STYLE = Automatic;
				CURRENT_PROJECT_VERSION = 1;
				DEVELOPMENT_TEAM = T22G8674NU;
				GENERATE_INFOPLIST_FILE = YES;
				INFOPLIST_FILE = Heroes/Info.plist;
				INFOPLIST_KEY_UIApplicationSupportsIndirectInputEvents = YES;
				INFOPLIST_KEY_UILaunchStoryboardName = LaunchScreen;
				INFOPLIST_KEY_UISupportedInterfaceOrientations_iPad = "UIInterfaceOrientationPortrait UIInterfaceOrientationPortraitUpsideDown UIInterfaceOrientationLandscapeLeft UIInterfaceOrientationLandscapeRight";
				INFOPLIST_KEY_UISupportedInterfaceOrientations_iPhone = "UIInterfaceOrientationPortrait UIInterfaceOrientationLandscapeLeft UIInterfaceOrientationLandscapeRight";
				LD_RUNPATH_SEARCH_PATHS = (
					"$(inherited)",
					"@executable_path/Frameworks",
				);
				MARKETING_VERSION = 1.0;
				PRODUCT_BUNDLE_IDENTIFIER = KirillTaraturin.Heroes;
				PRODUCT_NAME = "$(TARGET_NAME)";
				SWIFT_EMIT_LOC_STRINGS = YES;
				SWIFT_VERSION = 5.0;
				TARGETED_DEVICE_FAMILY = "1,2";
			};
			name = Release;
		};
/* End XCBuildConfiguration section */

/* Begin XCConfigurationList section */
		3C82C1B52AEADE2700575FEF /* Build configuration list for PBXProject "Heroes" */ = {
			isa = XCConfigurationList;
			buildConfigurations = (
				3C82C1CC2AEADE2800575FEF /* Debug */,
				3C82C1CD2AEADE2800575FEF /* Release */,
			);
			defaultConfigurationIsVisible = 0;
			defaultConfigurationName = Release;
		};
		3C82C1CE2AEADE2800575FEF /* Build configuration list for PBXNativeTarget "Heroes" */ = {
			isa = XCConfigurationList;
			buildConfigurations = (
				3C82C1CF2AEADE2800575FEF /* Debug */,
				3C82C1D02AEADE2800575FEF /* Release */,
			);
			defaultConfigurationIsVisible = 0;
			defaultConfigurationName = Release;
		};
/* End XCConfigurationList section */

/* Begin XCRemoteSwiftPackageReference section */
		3C82C1E52AEAE28400575FEF /* XCRemoteSwiftPackageReference "SnapKit" */ = {
			isa = XCRemoteSwiftPackageReference;
			repositoryURL = "https://github.com/SnapKit/SnapKit.git";
			requirement = {
				kind = upToNextMajorVersion;
				minimumVersion = 5.0.0;
			};
		};
/* End XCRemoteSwiftPackageReference section */

/* Begin XCSwiftPackageProductDependency section */
		3C82C1E62AEAE28400575FEF /* SnapKit */ = {
			isa = XCSwiftPackageProductDependency;
			package = 3C82C1E52AEAE28400575FEF /* XCRemoteSwiftPackageReference "SnapKit" */;
			productName = SnapKit;
		};
/* End XCSwiftPackageProductDependency section */
	};
	rootObject = 3C82C1B22AEADE2700575FEF /* Project object */;
}
